// !$*UTF8*$!
{
	archiveVersion = 1;
	classes = {
	};
	objectVersion = 56;
	objects = {

/* Begin PBXBuildFile section */
		71744D2E2BB16B0B003C7414 /* APIInfo.swift in Sources */ = {isa = PBXBuildFile; fileRef = 71744D2D2BB16B0B003C7414 /* APIInfo.swift */; };
		71744D312BB1708A003C7414 /* Alamofire in Frameworks */ = {isa = PBXBuildFile; productRef = 71744D302BB1708A003C7414 /* Alamofire */; };
		71744D332BB170A4003C7414 /* ChatGPTClient.swift in Sources */ = {isa = PBXBuildFile; fileRef = 71744D322BB170A4003C7414 /* ChatGPTClient.swift */; };
		71D95FDA2BAE0DB900F058E7 /* AppDelegate.swift in Sources */ = {isa = PBXBuildFile; fileRef = 71D95FD92BAE0DB900F058E7 /* AppDelegate.swift */; };
		71D95FE32BAE0DBA00F058E7 /* Assets.xcassets in Resources */ = {isa = PBXBuildFile; fileRef = 71D95FE22BAE0DBA00F058E7 /* Assets.xcassets */; };
		71D95FE62BAE0DBA00F058E7 /* LaunchScreen.storyboard in Resources */ = {isa = PBXBuildFile; fileRef = 71D95FE42BAE0DBA00F058E7 /* LaunchScreen.storyboard */; };
		71D95FEF2BAE224A00F058E7 /* OpenAISwift in Frameworks */ = {isa = PBXBuildFile; productRef = 71D95FEE2BAE224A00F058E7 /* OpenAISwift */; };
		71F1E9652BB0BA03006978AF /* Message.swift in Sources */ = {isa = PBXBuildFile; fileRef = 71F1E9642BB0BA03006978AF /* Message.swift */; };
		71F1E9732BB0C1B6006978AF /* MessageTableViewCell.swift in Sources */ = {isa = PBXBuildFile; fileRef = 71F1E9722BB0C1B6006978AF /* MessageTableViewCell.swift */; };
		71F1E9752BB0F224006978AF /* MainViewController.swift in Sources */ = {isa = PBXBuildFile; fileRef = 71F1E9742BB0F224006978AF /* MainViewController.swift */; };
/* End PBXBuildFile section */

/* Begin PBXFileReference section */
		71744D2D2BB16B0B003C7414 /* APIInfo.swift */ = {isa = PBXFileReference; lastKnownFileType = sourcecode.swift; path = APIInfo.swift; sourceTree = "<group>"; };
		71744D322BB170A4003C7414 /* ChatGPTClient.swift */ = {isa = PBXFileReference; lastKnownFileType = sourcecode.swift; path = ChatGPTClient.swift; sourceTree = "<group>"; };
		71D95FD62BAE0DB900F058E7 /* DemoGPT.app */ = {isa = PBXFileReference; explicitFileType = wrapper.application; includeInIndex = 0; path = DemoGPT.app; sourceTree = BUILT_PRODUCTS_DIR; };
		71D95FD92BAE0DB900F058E7 /* AppDelegate.swift */ = {isa = PBXFileReference; lastKnownFileType = sourcecode.swift; path = AppDelegate.swift; sourceTree = "<group>"; };
		71D95FE22BAE0DBA00F058E7 /* Assets.xcassets */ = {isa = PBXFileReference; lastKnownFileType = folder.assetcatalog; path = Assets.xcassets; sourceTree = "<group>"; };
		71D95FE52BAE0DBA00F058E7 /* Base */ = {isa = PBXFileReference; lastKnownFileType = file.storyboard; name = Base; path = Base.lproj/LaunchScreen.storyboard; sourceTree = "<group>"; };
		71D95FE72BAE0DBA00F058E7 /* Info.plist */ = {isa = PBXFileReference; lastKnownFileType = text.plist.xml; path = Info.plist; sourceTree = "<group>"; };
		71F1E9642BB0BA03006978AF /* Message.swift */ = {isa = PBXFileReference; lastKnownFileType = sourcecode.swift; path = Message.swift; sourceTree = "<group>"; };
		71F1E9722BB0C1B6006978AF /* MessageTableViewCell.swift */ = {isa = PBXFileReference; lastKnownFileType = sourcecode.swift; path = MessageTableViewCell.swift; sourceTree = "<group>"; };
		71F1E9742BB0F224006978AF /* MainViewController.swift */ = {isa = PBXFileReference; lastKnownFileType = sourcecode.swift; path = MainViewController.swift; sourceTree = "<group>"; };
/* End PBXFileReference section */

/* Begin PBXFrameworksBuildPhase section */
		71D95FD32BAE0DB900F058E7 /* Frameworks */ = {
			isa = PBXFrameworksBuildPhase;
			buildActionMask = 2147483647;
			files = (
				71D95FEF2BAE224A00F058E7 /* OpenAISwift in Frameworks */,
				71744D312BB1708A003C7414 /* Alamofire in Frameworks */,
			);
			runOnlyForDeploymentPostprocessing = 0;
		};
/* End PBXFrameworksBuildPhase section */

/* Begin PBXGroup section */
		71D95FCD2BAE0DB900F058E7 = {
			isa = PBXGroup;
			children = (
				71D95FD82BAE0DB900F058E7 /* DemoGPT */,
				71D95FD72BAE0DB900F058E7 /* Products */,
			);
			sourceTree = "<group>";
		};
		71D95FD72BAE0DB900F058E7 /* Products */ = {
			isa = PBXGroup;
			children = (
				71D95FD62BAE0DB900F058E7 /* DemoGPT.app */,
			);
			name = Products;
			sourceTree = "<group>";
		};
		71D95FD82BAE0DB900F058E7 /* DemoGPT */ = {
			isa = PBXGroup;
			children = (
				71D95FD92BAE0DB900F058E7 /* AppDelegate.swift */,
				71F1E9662BB0BA92006978AF /* Model */,
				71F1E9672BB0BA9C006978AF /* View */,
				71F1E9682BB0BAA4006978AF /* Controller */,
				71D95FE22BAE0DBA00F058E7 /* Assets.xcassets */,
				71D95FE42BAE0DBA00F058E7 /* LaunchScreen.storyboard */,
				71D95FE72BAE0DBA00F058E7 /* Info.plist */,
				71744D2D2BB16B0B003C7414 /* APIInfo.swift */,
			);
			path = DemoGPT;
			sourceTree = "<group>";
		};
		71F1E9662BB0BA92006978AF /* Model */ = {
			isa = PBXGroup;
			children = (
				71F1E9642BB0BA03006978AF /* Message.swift */,
				71744D322BB170A4003C7414 /* ChatGPTClient.swift */,
			);
			path = Model;
			sourceTree = "<group>";
		};
		71F1E9672BB0BA9C006978AF /* View */ = {
			isa = PBXGroup;
			children = (
				71F1E9722BB0C1B6006978AF /* MessageTableViewCell.swift */,
			);
			path = View;
			sourceTree = "<group>";
		};
		71F1E9682BB0BAA4006978AF /* Controller */ = {
			isa = PBXGroup;
			children = (
				71F1E9742BB0F224006978AF /* MainViewController.swift */,
			);
			path = Controller;
			sourceTree = "<group>";
		};
/* End PBXGroup section */

/* Begin PBXNativeTarget section */
		71D95FD52BAE0DB900F058E7 /* DemoGPT */ = {
			isa = PBXNativeTarget;
			buildConfigurationList = 71D95FEA2BAE0DBA00F058E7 /* Build configuration list for PBXNativeTarget "DemoGPT" */;
			buildPhases = (
				71D95FD22BAE0DB900F058E7 /* Sources */,
				71D95FD32BAE0DB900F058E7 /* Frameworks */,
				71D95FD42BAE0DB900F058E7 /* Resources */,
			);
			buildRules = (
			);
			dependencies = (
			);
			name = DemoGPT;
			packageProductDependencies = (
				71D95FEE2BAE224A00F058E7 /* OpenAISwift */,
				71744D302BB1708A003C7414 /* Alamofire */,
			);
			productName = DemoGPT;
			productReference = 71D95FD62BAE0DB900F058E7 /* DemoGPT.app */;
			productType = "com.apple.product-type.application";
		};
/* End PBXNativeTarget section */

/* Begin PBXProject section */
		71D95FCE2BAE0DB900F058E7 /* Project object */ = {
			isa = PBXProject;
			attributes = {
				BuildIndependentTargetsInParallel = 1;
				LastSwiftUpdateCheck = 1420;
				LastUpgradeCheck = 1420;
				TargetAttributes = {
					71D95FD52BAE0DB900F058E7 = {
						CreatedOnToolsVersion = 14.2;
					};
				};
			};
			buildConfigurationList = 71D95FD12BAE0DB900F058E7 /* Build configuration list for PBXProject "DemoGPT" */;
			compatibilityVersion = "Xcode 14.0";
			developmentRegion = en;
			hasScannedForEncodings = 0;
			knownRegions = (
				en,
				Base,
			);
			mainGroup = 71D95FCD2BAE0DB900F058E7;
			packageReferences = (
				71D95FED2BAE224A00F058E7 /* XCRemoteSwiftPackageReference "OpenAISwift" */,
				71744D2F2BB1708A003C7414 /* XCRemoteSwiftPackageReference "Alamofire" */,
			);
			productRefGroup = 71D95FD72BAE0DB900F058E7 /* Products */;
			projectDirPath = "";
			projectRoot = "";
			targets = (
				71D95FD52BAE0DB900F058E7 /* DemoGPT */,
			);
		};
/* End PBXProject section */

/* Begin PBXResourcesBuildPhase section */
		71D95FD42BAE0DB900F058E7 /* Resources */ = {
			isa = PBXResourcesBuildPhase;
			buildActionMask = 2147483647;
			files = (
				71D95FE62BAE0DBA00F058E7 /* LaunchScreen.storyboard in Resources */,
				71D95FE32BAE0DBA00F058E7 /* Assets.xcassets in Resources */,
			);
			runOnlyForDeploymentPostprocessing = 0;
		};
/* End PBXResourcesBuildPhase section */

/* Begin PBXSourcesBuildPhase section */
		71D95FD22BAE0DB900F058E7 /* Sources */ = {
			isa = PBXSourcesBuildPhase;
			buildActionMask = 2147483647;
			files = (
				71F1E9732BB0C1B6006978AF /* MessageTableViewCell.swift in Sources */,
				71F1E9652BB0BA03006978AF /* Message.swift in Sources */,
				71D95FDA2BAE0DB900F058E7 /* AppDelegate.swift in Sources */,
				71F1E9752BB0F224006978AF /* MainViewController.swift in Sources */,
				71744D332BB170A4003C7414 /* ChatGPTClient.swift in Sources */,
				71744D2E2BB16B0B003C7414 /* APIInfo.swift in Sources */,
			);
			runOnlyForDeploymentPostprocessing = 0;
		};
/* End PBXSourcesBuildPhase section */

/* Begin PBXVariantGroup section */
		71D95FE42BAE0DBA00F058E7 /* LaunchScreen.storyboard */ = {
			isa = PBXVariantGroup;
			children = (
				71D95FE52BAE0DBA00F058E7 /* Base */,
			);
			name = LaunchScreen.storyboard;
			sourceTree = "<group>";
		};
/* End PBXVariantGroup section */

/* Begin XCBuildConfiguration section */
		71D95FE82BAE0DBA00F058E7 /* Debug */ = {
			isa = XCBuildConfiguration;
			buildSettings = {
				ALWAYS_SEARCH_USER_PATHS = NO;
				CLANG_ANALYZER_NONNULL = YES;
				CLANG_ANALYZER_NUMBER_OBJECT_CONVERSION = YES_AGGRESSIVE;
				CLANG_CXX_LANGUAGE_STANDARD = "gnu++20";
				CLANG_ENABLE_MODULES = YES;
				CLANG_ENABLE_OBJC_ARC = YES;
				CLANG_ENABLE_OBJC_WEAK = YES;
				CLANG_WARN_BLOCK_CAPTURE_AUTORELEASING = YES;
				CLANG_WARN_BOOL_CONVERSION = YES;
				CLANG_WARN_COMMA = YES;
				CLANG_WARN_CONSTANT_CONVERSION = YES;
				CLANG_WARN_DEPRECATED_OBJC_IMPLEMENTATIONS = YES;
				CLANG_WARN_DIRECT_OBJC_ISA_USAGE = YES_ERROR;
				CLANG_WARN_DOCUMENTATION_COMMENTS = YES;
				CLANG_WARN_EMPTY_BODY = YES;
				CLANG_WARN_ENUM_CONVERSION = YES;
				CLANG_WARN_INFINITE_RECURSION = YES;
				CLANG_WARN_INT_CONVERSION = YES;
				CLANG_WARN_NON_LITERAL_NULL_CONVERSION = YES;
				CLANG_WARN_OBJC_IMPLICIT_RETAIN_SELF = YES;
				CLANG_WARN_OBJC_LITERAL_CONVERSION = YES;
				CLANG_WARN_OBJC_ROOT_CLASS = YES_ERROR;
				CLANG_WARN_QUOTED_INCLUDE_IN_FRAMEWORK_HEADER = YES;
				CLANG_WARN_RANGE_LOOP_ANALYSIS = YES;
				CLANG_WARN_STRICT_PROTOTYPES = YES;
				CLANG_WARN_SUSPICIOUS_MOVE = YES;
				CLANG_WARN_UNGUARDED_AVAILABILITY = YES_AGGRESSIVE;
				CLANG_WARN_UNREACHABLE_CODE = YES;
				CLANG_WARN__DUPLICATE_METHOD_MATCH = YES;
				COPY_PHASE_STRIP = NO;
				DEBUG_INFORMATION_FORMAT = dwarf;
				ENABLE_STRICT_OBJC_MSGSEND = YES;
				ENABLE_TESTABILITY = YES;
				GCC_C_LANGUAGE_STANDARD = gnu11;
				GCC_DYNAMIC_NO_PIC = NO;
				GCC_NO_COMMON_BLOCKS = YES;
				GCC_OPTIMIZATION_LEVEL = 0;
				GCC_PREPROCESSOR_DEFINITIONS = (
					"DEBUG=1",
					"$(inherited)",
				);
				GCC_WARN_64_TO_32_BIT_CONVERSION = YES;
				GCC_WARN_ABOUT_RETURN_TYPE = YES_ERROR;
				GCC_WARN_UNDECLARED_SELECTOR = YES;
				GCC_WARN_UNINITIALIZED_AUTOS = YES_AGGRESSIVE;
				GCC_WARN_UNUSED_FUNCTION = YES;
				GCC_WARN_UNUSED_VARIABLE = YES;
				IPHONEOS_DEPLOYMENT_TARGET = 16.2;
				MTL_ENABLE_DEBUG_INFO = INCLUDE_SOURCE;
				MTL_FAST_MATH = YES;
				ONLY_ACTIVE_ARCH = YES;
				SDKROOT = iphoneos;
				SWIFT_ACTIVE_COMPILATION_CONDITIONS = DEBUG;
				SWIFT_OPTIMIZATION_LEVEL = "-Onone";
			};
			name = Debug;
		};
		71D95FE92BAE0DBA00F058E7 /* Release */ = {
			isa = XCBuildConfiguration;
			buildSettings = {
				ALWAYS_SEARCH_USER_PATHS = NO;
				CLANG_ANALYZER_NONNULL = YES;
				CLANG_ANALYZER_NUMBER_OBJECT_CONVERSION = YES_AGGRESSIVE;
				CLANG_CXX_LANGUAGE_STANDARD = "gnu++20";
				CLANG_ENABLE_MODULES = YES;
				CLANG_ENABLE_OBJC_ARC = YES;
				CLANG_ENABLE_OBJC_WEAK = YES;
				CLANG_WARN_BLOCK_CAPTURE_AUTORELEASING = YES;
				CLANG_WARN_BOOL_CONVERSION = YES;
				CLANG_WARN_COMMA = YES;
				CLANG_WARN_CONSTANT_CONVERSION = YES;
				CLANG_WARN_DEPRECATED_OBJC_IMPLEMENTATIONS = YES;
				CLANG_WARN_DIRECT_OBJC_ISA_USAGE = YES_ERROR;
				CLANG_WARN_DOCUMENTATION_COMMENTS = YES;
				CLANG_WARN_EMPTY_BODY = YES;
				CLANG_WARN_ENUM_CONVERSION = YES;
				CLANG_WARN_INFINITE_RECURSION = YES;
				CLANG_WARN_INT_CONVERSION = YES;
				CLANG_WARN_NON_LITERAL_NULL_CONVERSION = YES;
				CLANG_WARN_OBJC_IMPLICIT_RETAIN_SELF = YES;
				CLANG_WARN_OBJC_LITERAL_CONVERSION = YES;
				CLANG_WARN_OBJC_ROOT_CLASS = YES_ERROR;
				CLANG_WARN_QUOTED_INCLUDE_IN_FRAMEWORK_HEADER = YES;
				CLANG_WARN_RANGE_LOOP_ANALYSIS = YES;
				CLANG_WARN_STRICT_PROTOTYPES = YES;
				CLANG_WARN_SUSPICIOUS_MOVE = YES;
				CLANG_WARN_UNGUARDED_AVAILABILITY = YES_AGGRESSIVE;
				CLANG_WARN_UNREACHABLE_CODE = YES;
				CLANG_WARN__DUPLICATE_METHOD_MATCH = YES;
				COPY_PHASE_STRIP = NO;
				DEBUG_INFORMATION_FORMAT = "dwarf-with-dsym";
				ENABLE_NS_ASSERTIONS = NO;
				ENABLE_STRICT_OBJC_MSGSEND = YES;
				GCC_C_LANGUAGE_STANDARD = gnu11;
				GCC_NO_COMMON_BLOCKS = YES;
				GCC_WARN_64_TO_32_BIT_CONVERSION = YES;
				GCC_WARN_ABOUT_RETURN_TYPE = YES_ERROR;
				GCC_WARN_UNDECLARED_SELECTOR = YES;
				GCC_WARN_UNINITIALIZED_AUTOS = YES_AGGRESSIVE;
				GCC_WARN_UNUSED_FUNCTION = YES;
				GCC_WARN_UNUSED_VARIABLE = YES;
				IPHONEOS_DEPLOYMENT_TARGET = 16.2;
				MTL_ENABLE_DEBUG_INFO = NO;
				MTL_FAST_MATH = YES;
				SDKROOT = iphoneos;
				SWIFT_COMPILATION_MODE = wholemodule;
				SWIFT_OPTIMIZATION_LEVEL = "-O";
				VALIDATE_PRODUCT = YES;
			};
			name = Release;
		};
		71D95FEB2BAE0DBA00F058E7 /* Debug */ = {
			isa = XCBuildConfiguration;
			buildSettings = {
				ASSETCATALOG_COMPILER_APPICON_NAME = AppIcon;
				ASSETCATALOG_COMPILER_GLOBAL_ACCENT_COLOR_NAME = AccentColor;
				CODE_SIGN_STYLE = Automatic;
				CURRENT_PROJECT_VERSION = 1;
				GENERATE_INFOPLIST_FILE = YES;
				INFOPLIST_FILE = DemoGPT/Info.plist;
				INFOPLIST_KEY_UIApplicationSupportsIndirectInputEvents = YES;
				INFOPLIST_KEY_UILaunchStoryboardName = LaunchScreen;
				INFOPLIST_KEY_UISupportedInterfaceOrientations_iPad = "UIInterfaceOrientationPortrait UIInterfaceOrientationPortraitUpsideDown UIInterfaceOrientationLandscapeLeft UIInterfaceOrientationLandscapeRight";
				INFOPLIST_KEY_UISupportedInterfaceOrientations_iPhone = "UIInterfaceOrientationPortrait UIInterfaceOrientationLandscapeLeft UIInterfaceOrientationLandscapeRight";
				LD_RUNPATH_SEARCH_PATHS = (
					"$(inherited)",
					"@executable_path/Frameworks",
				);
				MARKETING_VERSION = 1.0;
				PRODUCT_BUNDLE_IDENTIFIER = com.Krish.DemoGPT;
				PRODUCT_NAME = "$(TARGET_NAME)";
				SWIFT_EMIT_LOC_STRINGS = YES;
				SWIFT_VERSION = 5.0;
				TARGETED_DEVICE_FAMILY = "1,2";
			};
			name = Debug;
		};
		71D95FEC2BAE0DBA00F058E7 /* Release */ = {
			isa = XCBuildConfiguration;
			buildSettings = {
				ASSETCATALOG_COMPILER_APPICON_NAME = AppIcon;
				ASSETCATALOG_COMPILER_GLOBAL_ACCENT_COLOR_NAME = AccentColor;
				CODE_SIGN_STYLE = Automatic;
				CURRENT_PROJECT_VERSION = 1;
				GENERATE_INFOPLIST_FILE = YES;
				INFOPLIST_FILE = DemoGPT/Info.plist;
				INFOPLIST_KEY_UIApplicationSupportsIndirectInputEvents = YES;
				INFOPLIST_KEY_UILaunchStoryboardName = LaunchScreen;
				INFOPLIST_KEY_UISupportedInterfaceOrientations_iPad = "UIInterfaceOrientationPortrait UIInterfaceOrientationPortraitUpsideDown UIInterfaceOrientationLandscapeLeft UIInterfaceOrientationLandscapeRight";
				INFOPLIST_KEY_UISupportedInterfaceOrientations_iPhone = "UIInterfaceOrientationPortrait UIInterfaceOrientationLandscapeLeft UIInterfaceOrientationLandscapeRight";
				LD_RUNPATH_SEARCH_PATHS = (
					"$(inherited)",
					"@executable_path/Frameworks",
				);
				MARKETING_VERSION = 1.0;
				PRODUCT_BUNDLE_IDENTIFIER = com.Krish.DemoGPT;
				PRODUCT_NAME = "$(TARGET_NAME)";
				SWIFT_EMIT_LOC_STRINGS = YES;
				SWIFT_VERSION = 5.0;
				TARGETED_DEVICE_FAMILY = "1,2";
			};
			name = Release;
		};
/* End XCBuildConfiguration section */

/* Begin XCConfigurationList section */
		71D95FD12BAE0DB900F058E7 /* Build configuration list for PBXProject "DemoGPT" */ = {
			isa = XCConfigurationList;
			buildConfigurations = (
				71D95FE82BAE0DBA00F058E7 /* Debug */,
				71D95FE92BAE0DBA00F058E7 /* Release */,
			);
			defaultConfigurationIsVisible = 0;
			defaultConfigurationName = Release;
		};
		71D95FEA2BAE0DBA00F058E7 /* Build configuration list for PBXNativeTarget "DemoGPT" */ = {
			isa = XCConfigurationList;
			buildConfigurations = (
				71D95FEB2BAE0DBA00F058E7 /* Debug */,
				71D95FEC2BAE0DBA00F058E7 /* Release */,
			);
			defaultConfigurationIsVisible = 0;
			defaultConfigurationName = Release;
		};
/* End XCConfigurationList section */

/* Begin XCRemoteSwiftPackageReference section */
		71744D2F2BB1708A003C7414 /* XCRemoteSwiftPackageReference "Alamofire" */ = {
			isa = XCRemoteSwiftPackageReference;
			repositoryURL = "https://github.com/Alamofire/Alamofire.git";
			requirement = {
				kind = upToNextMajorVersion;
				minimumVersion = 5.0.0;
			};
		};
		71D95FED2BAE224A00F058E7 /* XCRemoteSwiftPackageReference "OpenAISwift" */ = {
			isa = XCRemoteSwiftPackageReference;
			repositoryURL = "https://github.com/adamrushy/OpenAISwift.git";
			requirement = {
				kind = upToNextMajorVersion;
				minimumVersion = 1.0.0;
			};
		};
/* End XCRemoteSwiftPackageReference section */

/* Begin XCSwiftPackageProductDependency section */
		71744D302BB1708A003C7414 /* Alamofire */ = {
			isa = XCSwiftPackageProductDependency;
			package = 71744D2F2BB1708A003C7414 /* XCRemoteSwiftPackageReference "Alamofire" */;
			productName = Alamofire;
		};
		71D95FEE2BAE224A00F058E7 /* OpenAISwift */ = {
			isa = XCSwiftPackageProductDependency;
			package = 71D95FED2BAE224A00F058E7 /* XCRemoteSwiftPackageReference "OpenAISwift" */;
			productName = OpenAISwift;
		};
/* End XCSwiftPackageProductDependency section */
	};
	rootObject = 71D95FCE2BAE0DB900F058E7 /* Project object */;
}
